
Microsoft Visual Studio Solution File, Format Version 12.00
# Visual Studio 15
VisualStudioVersion = 15.0.26730.16
MinimumVisualStudioVersion = 10.0.40219.1
Project("{8BC9CEB8-8B4A-11D0-8D11-00A0C91BC942}") = "Lab3ThreadPool", "Lab3ThreadPool\Lab3ThreadPool.vcxproj", "{652CE901-0B3C-4075-BCC0-935F7F13C2A2}"
EndProject
Project("{8BC9CEB8-8B4A-11D0-8D11-00A0C91BC942}") = "Lab3AsyncAndFuture", "Lab3AsyncAndFuture\Lab3AsyncAndFuture.vcxproj", "{9D0801B9-09F7-4365-9294-ED44EDC384B2}"
EndProject
Global
	GlobalSection(SolutionConfigurationPlatforms) = preSolution
		Debug|x64 = Debug|x64
		Debug|x86 = Debug|x86
		Release|x64 = Release|x64
		Release|x86 = Release|x86
	EndGlobalSection
	GlobalSection(ProjectConfigurationPlatforms) = postSolution
		{652CE901-0B3C-4075-BCC0-935F7F13C2A2}.Debug|x64.ActiveCfg = Debug|x64
		{652CE901-0B3C-4075-BCC0-935F7F13C2A2}.Debug|x64.Build.0 = Debug|x64
		{652CE901-0B3C-4075-BCC0-935F7F13C2A2}.Debug|x86.ActiveCfg = Debug|Win32
		{652CE901-0B3C-4075-BCC0-935F7F13C2A2}.Debug|x86.Build.0 = Debug|Win32
		{652CE901-0B3C-4075-BCC0-935F7F13C2A2}.Release|x64.ActiveCfg = Release|x64
		{652CE901-0B3C-4075-BCC0-935F7F13C2A2}.Release|x64.Build.0 = Release|x64
		{652CE901-0B3C-4075-BCC0-935F7F13C2A2}.Release|x86.ActiveCfg = Release|Win32
		{652CE901-0B3C-4075-BCC0-935F7F13C2A2}.Release|x86.Build.0 = Release|Win32
		{9D0801B9-09F7-4365-9294-ED44EDC384B2}.Debug|x64.ActiveCfg = Debug|x64
		{9D0801B9-09F7-4365-9294-ED44EDC384B2}.Debug|x64.Build.0 = Debug|x64
		{9D0801B9-09F7-4365-9294-ED44EDC384B2}.Debug|x86.ActiveCfg = Debug|Win32
		{9D0801B9-09F7-4365-9294-ED44EDC384B2}.Debug|x86.Build.0 = Debug|Win32
		{9D0801B9-09F7-4365-9294-ED44EDC384B2}.Release|x64.ActiveCfg = Release|x64
		{9D0801B9-09F7-4365-9294-ED44EDC384B2}.Release|x64.Build.0 = Release|x64
		{9D0801B9-09F7-4365-9294-ED44EDC384B2}.Release|x86.ActiveCfg = Release|Win32
		{9D0801B9-09F7-4365-9294-ED44EDC384B2}.Release|x86.Build.0 = Release|Win32
	EndGlobalSection
	GlobalSection(SolutionProperties) = preSolution
		HideSolutionNode = FALSE
	EndGlobalSection
	GlobalSection(ExtensibilityGlobals) = postSolution
		SolutionGuid = {63C3C350-9D6D-45D8-906D-97BA2589A3A5}
	EndGlobalSection
EndGlobal
