
Microsoft Visual Studio Solution File, Format Version 12.00
# Visual Studio 15
VisualStudioVersion = 15.0.27004.2009
MinimumVisualStudioVersion = 10.0.40219.1
Project("{8BC9CEB8-8B4A-11D0-8D11-00A0C91BC942}") = "Karatsuba", "Karatsuba\Karatsuba.vcxproj", "{1615D21C-BBB7-4EE7-BBD8-128E907CD640}"
EndProject
Project("{8BC9CEB8-8B4A-11D0-8D11-00A0C91BC942}") = "SimpleMultiplication", "SimpleMultiplication\SimpleMultiplication.vcxproj", "{EAF2AFD2-7B23-4DE0-8A00-A641977570B4}"
EndProject
Project("{8BC9CEB8-8B4A-11D0-8D11-00A0C91BC942}") = "HelloMPI", "HelloMPI\HelloMPI.vcxproj", "{492B5B7B-ED5F-4CCD-8763-6EAE5183DD97}"
EndProject
Global
	GlobalSection(SolutionConfigurationPlatforms) = preSolution
		Debug|x64 = Debug|x64
		Debug|x86 = Debug|x86
		Release|x64 = Release|x64
		Release|x86 = Release|x86
	EndGlobalSection
	GlobalSection(ProjectConfigurationPlatforms) = postSolution
		{1615D21C-BBB7-4EE7-BBD8-128E907CD640}.Debug|x64.ActiveCfg = Debug|x64
		{1615D21C-BBB7-4EE7-BBD8-128E907CD640}.Debug|x64.Build.0 = Debug|x64
		{1615D21C-BBB7-4EE7-BBD8-128E907CD640}.Debug|x86.ActiveCfg = Debug|Win32
		{1615D21C-BBB7-4EE7-BBD8-128E907CD640}.Debug|x86.Build.0 = Debug|Win32
		{1615D21C-BBB7-4EE7-BBD8-128E907CD640}.Release|x64.ActiveCfg = Release|x64
		{1615D21C-BBB7-4EE7-BBD8-128E907CD640}.Release|x64.Build.0 = Release|x64
		{1615D21C-BBB7-4EE7-BBD8-128E907CD640}.Release|x86.ActiveCfg = Release|Win32
		{1615D21C-BBB7-4EE7-BBD8-128E907CD640}.Release|x86.Build.0 = Release|Win32
		{EAF2AFD2-7B23-4DE0-8A00-A641977570B4}.Debug|x64.ActiveCfg = Debug|x64
		{EAF2AFD2-7B23-4DE0-8A00-A641977570B4}.Debug|x64.Build.0 = Debug|x64
		{EAF2AFD2-7B23-4DE0-8A00-A641977570B4}.Debug|x86.ActiveCfg = Debug|Win32
		{EAF2AFD2-7B23-4DE0-8A00-A641977570B4}.Debug|x86.Build.0 = Debug|Win32
		{EAF2AFD2-7B23-4DE0-8A00-A641977570B4}.Release|x64.ActiveCfg = Release|x64
		{EAF2AFD2-7B23-4DE0-8A00-A641977570B4}.Release|x64.Build.0 = Release|x64
		{EAF2AFD2-7B23-4DE0-8A00-A641977570B4}.Release|x86.ActiveCfg = Release|Win32
		{EAF2AFD2-7B23-4DE0-8A00-A641977570B4}.Release|x86.Build.0 = Release|Win32
		{492B5B7B-ED5F-4CCD-8763-6EAE5183DD97}.Debug|x64.ActiveCfg = Debug|x64
		{492B5B7B-ED5F-4CCD-8763-6EAE5183DD97}.Debug|x64.Build.0 = Debug|x64
		{492B5B7B-ED5F-4CCD-8763-6EAE5183DD97}.Debug|x86.ActiveCfg = Debug|Win32
		{492B5B7B-ED5F-4CCD-8763-6EAE5183DD97}.Debug|x86.Build.0 = Debug|Win32
		{492B5B7B-ED5F-4CCD-8763-6EAE5183DD97}.Release|x64.ActiveCfg = Release|x64
		{492B5B7B-ED5F-4CCD-8763-6EAE5183DD97}.Release|x64.Build.0 = Release|x64
		{492B5B7B-ED5F-4CCD-8763-6EAE5183DD97}.Release|x86.ActiveCfg = Release|Win32
		{492B5B7B-ED5F-4CCD-8763-6EAE5183DD97}.Release|x86.Build.0 = Release|Win32
	EndGlobalSection
	GlobalSection(SolutionProperties) = preSolution
		HideSolutionNode = FALSE
	EndGlobalSection
	GlobalSection(ExtensibilityGlobals) = postSolution
		SolutionGuid = {EB4CB170-88EB-4C1B-91FD-A5BBE7541B53}
	EndGlobalSection
EndGlobal
